dependencies:
- name: opentelemetry-collector
  repository: https://open-telemetry.github.io/opentelemetry-helm-charts
  version: 0.138.1
- name: opentelemetry-collector
  repository: https://open-telemetry.github.io/opentelemetry-helm-charts
  version: 0.138.1
digest: sha256:faf98530d551e7437d997684b103b315648280f513d8eb5e1ae08fff47804da1
generated: "2025-11-03T17:26:47.130593Z"
